
Microsoft Visual Studio Solution File, Format Version 12.00
# Visual Studio Version 16
VisualStudioVersion = 16.0.30309.148
MinimumVisualStudioVersion = 10.0.40219.1
Project("{FAE04EC0-301F-11D3-BF4B-00C04F79EFBC}") = "GenerateMicrosoftIdentityWebTestScripts", "GenerateMicrosoftIdentityWebTestScripts.csproj", "{6E6962C1-B9AA-4AEA-BD37-91C9367C7C72}"
EndProject
Global
	GlobalSection(SolutionConfigurationPlatforms) = preSolution
		Debug|Any CPU = Debug|Any CPU
		Release|Any CPU = Release|Any CPU
	EndGlobalSection
	GlobalSection(ProjectConfigurationPlatforms) = postSolution
		{6E6962C1-B9AA-4AEA-BD37-91C9367C7C72}.Debug|Any CPU.ActiveCfg = Debug|Any CPU
		{6E6962C1-B9AA-4AEA-BD37-91C9367C7C72}.Debug|Any CPU.Build.0 = Debug|Any CPU
		{6E6962C1-B9AA-4AEA-BD37-91C9367C7C72}.Release|Any CPU.ActiveCfg = Release|Any CPU
		{6E6962C1-B9AA-4AEA-BD37-91C9367C7C72}.Release|Any CPU.Build.0 = Release|Any CPU
	EndGlobalSection
	GlobalSection(SolutionProperties) = preSolution
		HideSolutionNode = FALSE
	EndGlobalSection
	GlobalSection(ExtensibilityGlobals) = postSolution
		SolutionGuid = {88E8181B-BCC5-4019-852C-CAAE257C3845}
	EndGlobalSection
EndGlobal
